
Microsoft Visual Studio Solution File, Format Version 12.00
# Visual Studio Version 17
VisualStudioVersion = 17.14.36915.13 d17.14
MinimumVisualStudioVersion = 10.0.40219.1
Project("{FAE04EC0-301F-11D3-BF4B-00C04F79EFBC}") = "Assignment 01 (C#)", "Assignment 01 (C#)\Assignment 01 (C#).csproj", "{2504AC49-1093-41C4-8580-7B02E5FE8E8D}"
EndProject
Global
	GlobalSection(SolutionConfigurationPlatforms) = preSolution
		Debug|Any CPU = Debug|Any CPU
		Release|Any CPU = Release|Any CPU
	EndGlobalSection
	GlobalSection(ProjectConfigurationPlatforms) = postSolution
		{2504AC49-1093-41C4-8580-7B02E5FE8E8D}.Debug|Any CPU.ActiveCfg = Debug|Any CPU
		{2504AC49-1093-41C4-8580-7B02E5FE8E8D}.Debug|Any CPU.Build.0 = Debug|Any CPU
		{2504AC49-1093-41C4-8580-7B02E5FE8E8D}.Release|Any CPU.ActiveCfg = Release|Any CPU
		{2504AC49-1093-41C4-8580-7B02E5FE8E8D}.Release|Any CPU.Build.0 = Release|Any CPU
	EndGlobalSection
	GlobalSection(SolutionProperties) = preSolution
		HideSolutionNode = FALSE
	EndGlobalSection
	GlobalSection(ExtensibilityGlobals) = postSolution
		SolutionGuid = {F781E84A-A743-4B65-B7EB-1A89E455654E}
	EndGlobalSection
EndGlobal
